
Microsoft Visual Studio Solution File, Format Version 12.00
# Visual Studio Version 17
VisualStudioVersion = 17.3.32825.248
MinimumVisualStudioVersion = 10.0.40219.1
Project("{8BC9CEB8-8B4A-11D0-8D11-00A0C91BC942}") = "4주차_실습4", "4주차_실습4\4주차_실습4.vcxproj", "{707AD1ED-3290-4D0B-ACD3-53CD02DAE5CD}"
EndProject
Global
	GlobalSection(SolutionConfigurationPlatforms) = preSolution
		Debug|x64 = Debug|x64
		Debug|x86 = Debug|x86
		Release|x64 = Release|x64
		Release|x86 = Release|x86
	EndGlobalSection
	GlobalSection(ProjectConfigurationPlatforms) = postSolution
		{707AD1ED-3290-4D0B-ACD3-53CD02DAE5CD}.Debug|x64.ActiveCfg = Debug|x64
		{707AD1ED-3290-4D0B-ACD3-53CD02DAE5CD}.Debug|x64.Build.0 = Debug|x64
		{707AD1ED-3290-4D0B-ACD3-53CD02DAE5CD}.Debug|x86.ActiveCfg = Debug|Win32
		{707AD1ED-3290-4D0B-ACD3-53CD02DAE5CD}.Debug|x86.Build.0 = Debug|Win32
		{707AD1ED-3290-4D0B-ACD3-53CD02DAE5CD}.Release|x64.ActiveCfg = Release|x64
		{707AD1ED-3290-4D0B-ACD3-53CD02DAE5CD}.Release|x64.Build.0 = Release|x64
		{707AD1ED-3290-4D0B-ACD3-53CD02DAE5CD}.Release|x86.ActiveCfg = Release|Win32
		{707AD1ED-3290-4D0B-ACD3-53CD02DAE5CD}.Release|x86.Build.0 = Release|Win32
	EndGlobalSection
	GlobalSection(SolutionProperties) = preSolution
		HideSolutionNode = FALSE
	EndGlobalSection
	GlobalSection(ExtensibilityGlobals) = postSolution
		SolutionGuid = {AD0BD47C-092E-427D-85A6-606C61161689}
	EndGlobalSection
EndGlobal
