<?xml version="1.0" encoding="utf-8"?>
<Project ToolsVersion="4.0" xmlns="http://schemas.microsoft.com/developer/msbuild/2003">
  <ItemGroup>
    <Filter Include="Engine">
      <UniqueIdentifier>{3a03a8b4-32b9-481b-bef0-2ce68633d845}</UniqueIdentifier>
    </Filter>
    <Filter Include="Utils">
      <UniqueIdentifier>{1ef0dcec-0fb5-450d-8308-4d09ffb597bd}</UniqueIdentifier>
    </Filter>
    <Filter Include="Shader">
      <UniqueIdentifier>{ae2085d9-6b7f-4245-8529-6016087e4153}</UniqueIdentifier>
    </Filter>
    <Filter Include="Manager">
      <UniqueIdentifier>{e01d846a-0b79-40ab-bcc0-01c94326a374}</UniqueIdentifier>
    </Filter>
    <Filter Include="Object">
      <UniqueIdentifier>{d23a6cb5-db8b-49b6-923e-9e1f7523a699}</UniqueIdentifier>
    </Filter>
    <Filter Include="Object\00. Component">
      <UniqueIdentifier>{f49ae5d3-7a39-4c88-ae2c-1059f207126e}</UniqueIdentifier>
    </Filter>
    <Filter Include="Object\00. Component\01. Camera">
      <UniqueIdentifier>{ccdda6f8-12ed-4479-964d-aeba4f88dbe5}</UniqueIdentifier>
    </Filter>
    <Filter Include="Object\00. Component\00. BasicComponent">
      <UniqueIdentifier>{e70a01cb-d3e4-40c4-9d28-30f605447d26}</UniqueIdentifier>
    </Filter>
    <Filter Include="Object\00. Component\02. Collider">
      <UniqueIdentifier>{2a82b847-991e-4e8e-b352-e91369909587}</UniqueIdentifier>
    </Filter>
    <Filter Include="Object\01. Resource">
      <UniqueIdentifier>{2b163b53-2fb3-493c-818e-4c9d82fc7c6d}</UniqueIdentifier>
    </Filter>
    <Filter Include="Object\02. Player">
      <UniqueIdentifier>{81ebf9aa-4952-4370-bfb5-7476c6ac2fcd}</UniqueIdentifier>
    </Filter>
    <Filter Include="Object\03. Item">
      <UniqueIdentifier>{3e2da2b0-ce15-48fa-befa-536be28ab331}</UniqueIdentifier>
    </Filter>
  </ItemGroup>
  <ItemGroup>
    <ClCompile Include="pch.cpp">
      <Filter>Utils</Filter>
    </ClCompile>
    <ClCompile Include="EnginePch.cpp">
      <Filter>Utils</Filter>
    </ClCompile>
    <ClCompile Include="Engine.cpp">
      <Filter>Engine</Filter>
    </ClCompile>
    <ClCompile Include="CommandQueue.cpp">
      <Filter>Engine</Filter>
    </ClCompile>
    <ClCompile Include="Device.cpp">
      <Filter>Engine</Filter>
    </ClCompile>
    <ClCompile Include="SwapChain.cpp">
      <Filter>Engine</Filter>
    </ClCompile>
    <ClCompile Include="RootSignature.cpp">
      <Filter>Engine</Filter>
    </ClCompile>
    <ClCompile Include="Mesh.cpp">
      <Filter>Object\01. Resource</Filter>
    </ClCompile>
    <ClCompile Include="Shader.cpp">
      <Filter>Object\01. Resource</Filter>
    </ClCompile>
    <ClCompile Include="ConstantBuffer.cpp">
      <Filter>Engine</Filter>
    </ClCompile>
    <ClCompile Include="TableDescriptorHeap.cpp">
      <Filter>Engine</Filter>
    </ClCompile>
    <ClCompile Include="Texture.cpp">
      <Filter>Object\01. Resource</Filter>
    </ClCompile>
    <ClCompile Include="Material.cpp">
      <Filter>Object\01. Resource</Filter>
    </ClCompile>
    <ClCompile Include="SceneManager.cpp">
      <Filter>Manager</Filter>
    </ClCompile>
    <ClCompile Include="Scene.cpp">
      <Filter>Manager</Filter>
    </ClCompile>
    <ClCompile Include="Timer.cpp">
      <Filter>Manager</Filter>
    </ClCompile>
    <ClCompile Include="Input.cpp">
      <Filter>Manager</Filter>
    </ClCompile>
    <ClCompile Include="SimpleMath.cpp">
      <Filter>Utils</Filter>
    </ClCompile>
    <ClCompile Include="Resources.cpp">
      <Filter>Manager</Filter>
    </ClCompile>
    <ClCompile Include="Object.cpp">
      <Filter>Object</Filter>
    </ClCompile>
    <ClCompile Include="GameObject.cpp">
      <Filter>Object</Filter>
    </ClCompile>
    <ClCompile Include="RenderTargetGroup.cpp">
      <Filter>Engine</Filter>
    </ClCompile>
    <ClCompile Include="StructuredBuffer.cpp">
      <Filter>Engine</Filter>
    </ClCompile>
    <ClCompile Include="InstancingBuffer.cpp">
      <Filter>Engine</Filter>
    </ClCompile>
    <ClCompile Include="InstancingManager.cpp">
      <Filter>Manager</Filter>
    </ClCompile>
    <ClCompile Include="Player.cpp">
      <Filter>Object\02. Player</Filter>
    </ClCompile>
    <ClCompile Include="Component.cpp">
      <Filter>Object\00. Component\00. BasicComponent</Filter>
    </ClCompile>
    <ClCompile Include="Frustum.cpp">
      <Filter>Object\00. Component\00. BasicComponent</Filter>
    </ClCompile>
    <ClCompile Include="Light.cpp">
      <Filter>Object\00. Component\00. BasicComponent</Filter>
    </ClCompile>
    <ClCompile Include="MeshRenderer.cpp">
      <Filter>Object\00. Component\00. BasicComponent</Filter>
    </ClCompile>
    <ClCompile Include="MonoBehaviour.cpp">
      <Filter>Object\00. Component\00. BasicComponent</Filter>
    </ClCompile>
    <ClCompile Include="ParticleSystem.cpp">
      <Filter>Object\00. Component\00. BasicComponent</Filter>
    </ClCompile>
    <ClCompile Include="Terrain.cpp">
      <Filter>Object\00. Component\00. BasicComponent</Filter>
    </ClCompile>
    <ClCompile Include="Transform.cpp">
      <Filter>Object\00. Component\00. BasicComponent</Filter>
    </ClCompile>
    <ClCompile Include="Camera.cpp">
      <Filter>Object\00. Component\01. Camera</Filter>
    </ClCompile>
    <ClCompile Include="CameraScript.cpp">
      <Filter>Object\00. Component\01. Camera</Filter>
    </ClCompile>
    <ClCompile Include="BaseCollider.cpp">
      <Filter>Object\00. Component\02. Collider</Filter>
    </ClCompile>
    <ClCompile Include="SphereCollider.cpp">
      <Filter>Object\00. Component\02. Collider</Filter>
    </ClCompile>
    <ClCompile Include="Item.cpp">
      <Filter>Object\03. Item</Filter>
    </ClCompile>
  </ItemGroup>
  <ItemGroup>
    <ClInclude Include="pch.h">
      <Filter>Utils</Filter>
    </ClInclude>
    <ClInclude Include="EnginePch.h">
      <Filter>Utils</Filter>
    </ClInclude>
    <ClInclude Include="d3dx12.h">
      <Filter>Utils</Filter>
    </ClInclude>
    <ClInclude Include="Engine.h">
      <Filter>Engine</Filter>
    </ClInclude>
    <ClInclude Include="CommandQueue.h">
      <Filter>Engine</Filter>
    </ClInclude>
    <ClInclude Include="Device.h">
      <Filter>Engine</Filter>
    </ClInclude>
    <ClInclude Include="SwapChain.h">
      <Filter>Engine</Filter>
    </ClInclude>
    <ClInclude Include="RootSignature.h">
      <Filter>Engine</Filter>
    </ClInclude>
    <ClInclude Include="Mesh.h">
      <Filter>Object\01. Resource</Filter>
    </ClInclude>
    <ClInclude Include="Shader.h">
      <Filter>Object\01. Resource</Filter>
    </ClInclude>
    <ClInclude Include="ConstantBuffer.h">
      <Filter>Engine</Filter>
    </ClInclude>
    <ClInclude Include="TableDescriptorHeap.h">
      <Filter>Engine</Filter>
    </ClInclude>
    <ClInclude Include="Texture.h">
      <Filter>Object\01. Resource</Filter>
    </ClInclude>
    <ClInclude Include="Material.h">
      <Filter>Object\01. Resource</Filter>
    </ClInclude>
    <ClInclude Include="SceneManager.h">
      <Filter>Manager</Filter>
    </ClInclude>
    <ClInclude Include="Scene.h">
      <Filter>Manager</Filter>
    </ClInclude>
    <ClInclude Include="Timer.h">
      <Filter>Manager</Filter>
    </ClInclude>
    <ClInclude Include="Input.h">
      <Filter>Manager</Filter>
    </ClInclude>
    <ClInclude Include="SimpleMath.h">
      <Filter>Utils</Filter>
    </ClInclude>
    <ClInclude Include="Resources.h">
      <Filter>Manager</Filter>
    </ClInclude>
    <ClInclude Include="Object.h">
      <Filter>Object</Filter>
    </ClInclude>
    <ClInclude Include="GameObject.h">
      <Filter>Object</Filter>
    </ClInclude>
    <ClInclude Include="RenderTargetGroup.h">
      <Filter>Engine</Filter>
    </ClInclude>
    <ClInclude Include="StructuredBuffer.h">
      <Filter>Engine</Filter>
    </ClInclude>
    <ClInclude Include="InstancingBuffer.h">
      <Filter>Engine</Filter>
    </ClInclude>
    <ClInclude Include="InstancingManager.h">
      <Filter>Manager</Filter>
    </ClInclude>
    <ClInclude Include="Player.h">
      <Filter>Object\02. Player</Filter>
    </ClInclude>
    <ClInclude Include="Component.h">
      <Filter>Object\00. Component\00. BasicComponent</Filter>
    </ClInclude>
    <ClInclude Include="Frustum.h">
      <Filter>Object\00. Component\00. BasicComponent</Filter>
    </ClInclude>
    <ClInclude Include="Light.h">
      <Filter>Object\00. Component\00. BasicComponent</Filter>
    </ClInclude>
    <ClInclude Include="MeshRenderer.h">
      <Filter>Object\00. Component\00. BasicComponent</Filter>
    </ClInclude>
    <ClInclude Include="MonoBehaviour.h">
      <Filter>Object\00. Component\00. BasicComponent</Filter>
    </ClInclude>
    <ClInclude Include="ParticleSystem.h">
      <Filter>Object\00. Component\00. BasicComponent</Filter>
    </ClInclude>
    <ClInclude Include="Terrain.h">
      <Filter>Object\00. Component\00. BasicComponent</Filter>
    </ClInclude>
    <ClInclude Include="Transform.h">
      <Filter>Object\00. Component\00. BasicComponent</Filter>
    </ClInclude>
    <ClInclude Include="Camera.h">
      <Filter>Object\00. Component\01. Camera</Filter>
    </ClInclude>
    <ClInclude Include="CameraScript.h">
      <Filter>Object\00. Component\01. Camera</Filter>
    </ClInclude>
    <ClInclude Include="BaseCollider.h">
      <Filter>Object\00. Component\02. Collider</Filter>
    </ClInclude>
    <ClInclude Include="SphereCollider.h">
      <Filter>Object\00. Component\02. Collider</Filter>
    </ClInclude>
    <ClInclude Include="Item.h">
      <Filter>Object\03. Item</Filter>
    </ClInclude>
  </ItemGroup>
  <ItemGroup>
    <None Include="SimpleMath.inl">
      <Filter>Utils</Filter>
    </None>
  </ItemGroup>
  <ItemGroup>
    <FxCompile Include="..\Resources\Shader\params.fx">
      <Filter>Shader</Filter>
    </FxCompile>
    <FxCompile Include="..\Resources\Shader\skybox.fx">
      <Filter>Shader</Filter>
    </FxCompile>
    <FxCompile Include="..\Resources\Shader\utils.fx">
      <Filter>Shader</Filter>
    </FxCompile>
    <FxCompile Include="..\Resources\Shader\forward.fx">
      <Filter>Shader</Filter>
    </FxCompile>
    <FxCompile Include="..\Resources\Shader\deferred.fx">
      <Filter>Shader</Filter>
    </FxCompile>
    <FxCompile Include="..\Resources\Shader\lighting.fx">
      <Filter>Shader</Filter>
    </FxCompile>
    <FxCompile Include="..\Resources\Shader\compute.fx">
      <Filter>Shader</Filter>
    </FxCompile>
    <FxCompile Include="..\Resources\Shader\particle.fx">
      <Filter>Shader</Filter>
    </FxCompile>
    <FxCompile Include="..\Resources\Shader\shadow.fx">
      <Filter>Shader</Filter>
    </FxCompile>
    <FxCompile Include="..\Resources\Shader\tessellation.fx">
      <Filter>Shader</Filter>
    </FxCompile>
    <FxCompile Include="..\Resources\Shader\terrain.fx">
      <Filter>Shader</Filter>
    </FxCompile>
  </ItemGroup>
</Project>