
Microsoft Visual Studio Solution File, Format Version 12.00
# Visual Studio Version 17
VisualStudioVersion = 17.3.32922.545
MinimumVisualStudioVersion = 10.0.40219.1
Project("{8BC9CEB8-8B4A-11D0-8D11-00A0C91BC942}") = "4주차_실습7", "4주차_실습7\4주차_실습7.vcxproj", "{828A86CC-7E49-45E5-95CB-DE0DDE355CCD}"
EndProject
Global
	GlobalSection(SolutionConfigurationPlatforms) = preSolution
		Debug|x64 = Debug|x64
		Debug|x86 = Debug|x86
		Release|x64 = Release|x64
		Release|x86 = Release|x86
	EndGlobalSection
	GlobalSection(ProjectConfigurationPlatforms) = postSolution
		{828A86CC-7E49-45E5-95CB-DE0DDE355CCD}.Debug|x64.ActiveCfg = Debug|x64
		{828A86CC-7E49-45E5-95CB-DE0DDE355CCD}.Debug|x64.Build.0 = Debug|x64
		{828A86CC-7E49-45E5-95CB-DE0DDE355CCD}.Debug|x86.ActiveCfg = Debug|Win32
		{828A86CC-7E49-45E5-95CB-DE0DDE355CCD}.Debug|x86.Build.0 = Debug|Win32
		{828A86CC-7E49-45E5-95CB-DE0DDE355CCD}.Release|x64.ActiveCfg = Release|x64
		{828A86CC-7E49-45E5-95CB-DE0DDE355CCD}.Release|x64.Build.0 = Release|x64
		{828A86CC-7E49-45E5-95CB-DE0DDE355CCD}.Release|x86.ActiveCfg = Release|Win32
		{828A86CC-7E49-45E5-95CB-DE0DDE355CCD}.Release|x86.Build.0 = Release|Win32
	EndGlobalSection
	GlobalSection(SolutionProperties) = preSolution
		HideSolutionNode = FALSE
	EndGlobalSection
	GlobalSection(ExtensibilityGlobals) = postSolution
		SolutionGuid = {A018B1EB-C0A9-48C1-994E-FE04F2E05C4E}
	EndGlobalSection
EndGlobal
